
Microsoft Visual Studio Solution File, Format Version 12.00
# Visual Studio Version 17
VisualStudioVersion = 17.2.32505.173
MinimumVisualStudioVersion = 10.0.40219.1
Project("{FAE04EC0-301F-11D3-BF4B-00C04F79EFBC}") = "bytebank", "bytebank\bytebank.csproj", "{EB7BABC7-AFA9-4C0C-8391-91EFD661C0FA}"
EndProject
Global
	GlobalSection(SolutionConfigurationPlatforms) = preSolution
		Debug|Any CPU = Debug|Any CPU
		Release|Any CPU = Release|Any CPU
	EndGlobalSection
	GlobalSection(ProjectConfigurationPlatforms) = postSolution
		{EB7BABC7-AFA9-4C0C-8391-91EFD661C0FA}.Debug|Any CPU.ActiveCfg = Debug|Any CPU
		{EB7BABC7-AFA9-4C0C-8391-91EFD661C0FA}.Debug|Any CPU.Build.0 = Debug|Any CPU
		{EB7BABC7-AFA9-4C0C-8391-91EFD661C0FA}.Release|Any CPU.ActiveCfg = Release|Any CPU
		{EB7BABC7-AFA9-4C0C-8391-91EFD661C0FA}.Release|Any CPU.Build.0 = Release|Any CPU
	EndGlobalSection
	GlobalSection(SolutionProperties) = preSolution
		HideSolutionNode = FALSE
	EndGlobalSection
	GlobalSection(ExtensibilityGlobals) = postSolution
		SolutionGuid = {C94A6BCC-A794-4B07-9A0B-60B205253653}
	EndGlobalSection
EndGlobal
